{
    "_meta": {
        "hash": {
            "sha256": "eccc08e4abee5da73f79df9a7d05f348839877aec81615cfc1eb5ea3f56873db"
        },
        "host-environment-markers": {
            "implementation_name": "cpython",
            "implementation_version": "3.6.2",
            "os_name": "posix",
            "platform_machine": "x86_64",
            "platform_python_implementation": "CPython",
            "platform_release": "17.4.0",
            "platform_system": "Darwin",
            "platform_version": "Darwin Kernel Version 17.4.0: Sun Dec 17 09:19:54 PST 2017; root:xnu-4570.41.2~1/RELEASE_X86_64",
            "python_full_version": "3.6.2",
            "python_version": "3.6",
            "sys_platform": "darwin"
        },
        "pipfile-spec": 6,
        "requires": {
            "python_version": "3.6"
        },
        "sources": [
            {
                "name": "pypi",
                "url": "https://pypi.python.org/simple",
                "verify_ssl": true
            }
        ]
    },
    "default": {
        "absl-py": {
            "hashes": [
                "sha256:908eba9a96a37c10f10074aba57d685070b814906b02a1ea2cf54bb10a6b8c74"
            ],
            "version": "==0.1.10"
        },
        "astor": {
            "hashes": [
                "sha256:64c805f1ad6fbc505633416b6174fc23796eb164f371a7dc1f3951ea30560fb5",
                "sha256:ff6d2e2962d834acb125cc4dcc80c54a8c17c253f4cc9d9c43b5102a560bb75d"
            ],
            "version": "==0.6.2"
        },
        "backports.weakref": {
            "hashes": [
                "sha256:81bc9b51c0abc58edc76aefbbc68c62a787918ffe943a37947e162c3f8e19e82",
                "sha256:bc4170a29915f8b22c9e7c4939701859650f2eb84184aee80da329ac0b9825c2"
            ],
            "version": "==1.0.post1"
        },
        "bleach": {
            "hashes": [
                "sha256:e67f46adcec78dbc3c04462f3aba3213a673d5652eba2609ed1ef15492a44b8d",
                "sha256:978e758599b54cd3caa2e160d74102879b230ea8dc93871d0783721eef58bc65"
            ],
            "version": "==1.5.0"
        },
        "enum34": {
            "hashes": [
                "sha256:6bd0f6ad48ec2aa117d3d141940d484deccda84d4fcd884f5c3d93c23ecd8c79",
                "sha256:644837f692e5f550741432dd3f223bbb9852018674981b1664e5dc339387588a",
                "sha256:8ad8c4783bf61ded74527bffb48ed9b54166685e4230386a9ed9b1279e2df5b1",
                "sha256:2d81cbbe0e73112bdfe6ef8576f2238f2ba27dd0d55752a776c41d38b7da2850"
            ],
            "version": "==1.1.6"
        },
        "funcsigs": {
            "hashes": [
                "sha256:330cc27ccbf7f1e992e69fef78261dc7c6569012cf397db8d3de0234e6c937ca",
                "sha256:a7bb0f2cf3a3fd1ab2732cb49eba4252c2af4240442415b4abce3b87022a8f50"
            ],
            "markers": "python_version < '3.3'",
            "version": "==1.0.2"
        },
        "futures": {
            "hashes": [
                "sha256:c4884a65654a7c45435063e14ae85280eb1f111d94e542396717ba9828c4337f",
                "sha256:51ecb45f0add83c806c68e4b06106f90db260585b25ef2abfcda0bd95c0132fd"
            ],
            "markers": "python_version < '3'",
            "version": "==3.1.1"
        },
        "gast": {
            "hashes": [
                "sha256:7068908321ecd2774f145193c4b34a11305bd104b4551b09273dfd1d6a374930"
            ],
            "version": "==0.2.0"
        },
        "grpcio": {
            "hashes": [
                "sha256:a1bc37c9910d0fbf4d9e80d5822f92c6e01e28dd1eb01323636ed19666b537cb",
                "sha256:14bca481188c3f19135012aaff9abefa4e15529c7e1aca3084183d78094d06bd",
                "sha256:4fa658a7e1ba5727ca066b1c8bb64c6befb98f2b8007f04a16c7c84555bf11b9",
                "sha256:982439a872d41f969724efc139e0416ba45e0d7446e9a41fd2ebe19351adff9a",
                "sha256:025a591606b0aca13bec3e019d6acec01a39421f01b915b98a3a93ea0a53b412",
                "sha256:d410835e7554d064c2d99cfa0dd393ffbb0ccf52145ab51c725a8472ed254a3c",
                "sha256:88afda198adb0a9da52a66152062027a57877b46f59ffcf55acc3cbfaff77160",
                "sha256:ae82bf2f7ceac6ba956e816120b4f66bda035571350e46b61bbdde1808aed1dd",
                "sha256:10efe2e016c3ca7a370771ffcf1de9baa3456d4bccefde0f4ce3be091d871c8f",
                "sha256:224c513fbe0c3ca546870e5c21b08a8a56cd25795b76b3192ee9702a3344764b",
                "sha256:aa473b8276de39eeccc4ad6cbb7fd7feab0868180d72c0c93226033c79fa69b7",
                "sha256:022dc2a6d1537a5a16af4ccc3355ad7b512f9c627a1d5d579cd7c18830378bb3",
                "sha256:d9e3105f6de6cb759b028702bdd21cb36d27e010227669e43c675b9957a3c180",
                "sha256:b56e4f355c2499bb0bf8f8f4d0362b618b06afdfd2c10722710596dc7e295c6c",
                "sha256:e86639989c03831912fd9924beda26f6e9ffcc267656cea035bde9d88cf793b2",
                "sha256:f4a38071dd27f140cfe774f56aecdf0e33de926c21289cc9c7521ce8dd91fc1c",
                "sha256:2894466c499d9752e0d49ee8adc5ee12c676d86211fc1b292bf713cc7cfe9853",
                "sha256:1bc36e512741f82c1d73f42df536aa2ab75d840f0d35c149b5d0bee1aed16862",
                "sha256:ea9564f58144e2f07995d57fb8e636be5efb084cd59c8651391ada2bb75dc0ff",
                "sha256:435b3bab2e34814666854eec203c77b169df1cd56cf22fe449cf5510af416e7d",
                "sha256:da306c80d69801a3e4115c448ed4ad481957d723ec1e00b99497c6661573c3e5",
                "sha256:17240d672b5c1c9ff22e52236c1870413b7fb5af762b97ce5a747a55e0a57e98",
                "sha256:03265472d39bf26f124c3ef68446f7873c8260893e6ae65b323a5b51ed52e580"
            ],
            "version": "==1.10.0"
        },
        "html5lib": {
            "hashes": [
                "sha256:2612a191a8d5842bfa057e41ba50bbb9dcb722419d2408c78cff4758d0754868"
            ],
            "version": "==0.9999999"
        },
        "markdown": {
            "hashes": [
                "sha256:9ba587db9daee7ec761cfc656272be6aabe2ed300fece21208e4aab2e457bc8f",
                "sha256:a856869c7ff079ad84a3e19cd87a64998350c2b94e9e08e44270faef33400f81"
            ],
            "version": "==2.6.11"
        },
        "mock": {
            "hashes": [
                "sha256:5ce3c71c5545b472da17b72268978914d0252980348636840bd34a00b5cc96c1",
                "sha256:b158b6df76edd239b8208d481dc46b6afd45a846b7812ff0ce58971cf5bc8bba"
            ],
            "version": "==2.0.0"
        },
        "numpy": {
            "hashes": [
                "sha256:e2335d56d2fd9fc4e3a3f2d3148aafec4962682375f429f05c45a64dacf19436",
                "sha256:9b762e78739b6e021124adbea07611682db99cd3fca7f3c3a8b98b8f74ea5699",
                "sha256:7d4c549e41507db4f04ec7cfab5597de8acf7871b16c9cf64cebcb9d39031ca6",
                "sha256:b803306c4c201e7dcda0ce1b9a9c87f61a7c7ce43de2c60c8e56147b76849a1a",
                "sha256:2da8dff91d489fea3e20155d41f4cd680de7d01d9a89fdd0ebb1bee6e72d3800",
                "sha256:6b8c2daacbbffc83b4a2ba83a61aa3ce60c66340b07b962bd27b6c6bb175bee1",
                "sha256:89b9419019c47ec87cf4cfca77d85da4611cc0be636ec87b5290346490b98450",
                "sha256:49880b47d7272f902946dd995f346842c95fe275e2deb3082ef0495f0c718a69",
                "sha256:3d7ddd5bdfb12ec9668edf1aa49a4a3eddb0db4661b57ea431477eb9a2468894",
                "sha256:788e1757f8e409cd805a7cd82993cd9252fa19e334758a4c6eb5a8b334abb084",
                "sha256:377def0873bbb1fbdedb14b3275b10a29b1b55619a3f7f775c4e7f9ce2461b9c",
                "sha256:9501c9ccd081977ca5579a3ec4009d6baff6bacb04bf07214aade3324734195a",
                "sha256:a1f5173df8190ef9c6235d260d70ca70c6fb029683ceb66e244c5cc6e335947a",
                "sha256:12cf4b27039b88e407ad66894d99a957ef60fea0eeb442026af325add2ab264d",
                "sha256:4e2fc841c8c642f7fd44591ef856ca409cedba6aea27928df34004c533839eee",
                "sha256:e5ade7a69dccbd99c4fdbb95b6d091d941e62ffa588b0ed8fb0a2854118fef3f",
                "sha256:6b1011ffc87d7e2b1b7bcc6dc21bdf177163658746ef778dcd21bf0516b9126c",
                "sha256:a8bc80f69570e11967763636db9b24c1e3e3689881d10ae793cec74cf7a627b6",
                "sha256:81b9d8f6450e752bd82e7d9618fa053df8db1725747880e76fb09710b57f78d0",
                "sha256:e8522cad377cc2ef20fe13aae742cc265172910c98e8a0d6014b1a8d564019e2",
                "sha256:a3d5dd437112292c707e54f47141be2f1100221242f07eda7bd8477f3ddc2252",
                "sha256:c8000a6cbc5140629be8c038c9c9cdb3a1c85ff90bd4180ec99f0f0c73050b5e",
                "sha256:fa0944650d5d3fb95869eaacd8eedbd2d83610c85e271bd9d3495ffa9bc4dc9c"
            ],
            "version": "==1.14.1"
        },
        "pbr": {
            "hashes": [
                "sha256:60c25b7dfd054ef9bb0ae327af949dd4676aa09ac3a9471cdc871d8a9213f9ac",
                "sha256:05f61c71aaefc02d8e37c0a3eeb9815ff526ea28b3b76324769e6158d7f95be1"
            ],
            "version": "==3.1.1"
        },
        "pprint": {
            "hashes": [
                "sha256:c0fa22d1462351671ca098e9779bb26a23880011e93eea5f199a150ee7b92a16"
            ],
            "version": "==0.1"
        },
        "protobuf": {
            "hashes": [
                "sha256:11788df3e176f44e0375fe6361342d7258a457b346504ea259a21b77ffc18a90",
                "sha256:50c24f0d00b7efb3a72ae638ddc118e713cfe8cef40527afe24f7ebcb878e46d",
                "sha256:41661f9a442eba2f1967f15333ebe9ecc7e7c51bcbaa2972303ad33a4ca0168e",
                "sha256:06ec363b74bceb7d018f2171e0892f03ab6816530e2b0f77d725a58264551e48",
                "sha256:b20f861b55efd8206428c13e017cc8e2c34b40b2a714446eb202bbf0ff7597a6",
                "sha256:c1f9c36004a7ae6f1ce4a23f06070f6b07f57495f251851aa15cc4da16d08378",
                "sha256:4d2e665410b0a278d2eb2c0a529ca2366bb325eb2ae34e189a826b71fb1b28cd",
                "sha256:95b78959572de7d7fafa3acb718ed71f482932ddddddbd29ba8319c10639d863"
            ],
            "version": "==3.5.1"
        },
        "six": {
            "hashes": [
                "sha256:832dc0e10feb1aa2c68dcc57dbb658f1c7e65b9b61af69048abc87a2db00a0eb",
                "sha256:70e8a77beed4562e7f14fe23a786b54f6296e34344c23bc42f07b15018ff98e9"
            ],
            "version": "==1.11.0"
        },
        "tensorboard": {
            "hashes": [
                "sha256:835ecbfee0ce505f8365435c23d1c7d6fd527fcad8a4829e4145b9f6f41d0ca2",
                "sha256:ab3e4568a277d4d06fc2928e6e5aa2a32ece073ad234a6b7ade08671dbf8f339"
            ],
            "version": "==1.6.0"
        },
        "tensorflow": {
            "hashes": [
                "sha256:d9c628c857ccd9213d75e0747fcad6ef4d6866a79d1a3987d87a5957c3f0f819",
                "sha256:6d6f8ac26f857ab79c13b594efcb13d5485d1dbfdaa8e54b064ea7b4b28a9cf8",
                "sha256:8c504b9c70649d8602592b148944b34207fde8d1f5d61aaf435dab99118a58bc",
                "sha256:638e690a4efc675dbfd0bb98f0c5db1b6b54e9791513fced4a4df80a3db946cb",
                "sha256:b6b4c52c61f9cea58a93e4c178e8acec157ab2ed8824350ec536f107fa67a491",
                "sha256:1ba17a5df0c2d3e0000f88479b3ce7a35e05ced3056e4594781e81afb45ac8fd",
                "sha256:eaa4af9eb161af500a5e3c65dcc434d63478801539f51cdd8c01572eda9dfa2d",
                "sha256:afb1f05ab3f8ff569b91be5ecb066b926dff1afd029f4f296964317f461268a6",
                "sha256:2f89cf8a05198e7e2415d040b679b4f50ef86c0c3834f4bf86d0b836ecc14a27",
                "sha256:17981691a5711dd8b0479b293229f3a22d2f0503d04c2691a2ef66ee50903257",
                "sha256:d0e5daf51cf9a711a0dc95b5bf4a9eeeb1cb485197cb923b8940f2a905850407",
                "sha256:0b41fb0d1d0be2d495dad67138b5a118f7b206a07b2c96474414109dbfe056a8"
            ],
            "version": "==1.6.0"
        },
        "termcolor": {
            "hashes": [
                "sha256:1d6d69ce66211143803fbc56652b41d73b4a400a2891d7bf7a1cdf4c02de613b"
            ],
            "version": "==1.1.0"
        },
        "werkzeug": {
            "hashes": [
                "sha256:d5da73735293558eb1651ee2fddc4d0dedcfa06538b8813a2e20011583c9e49b",
                "sha256:c3fd7a7d41976d9f44db327260e263132466836cef6f91512889ed60ad26557c"
            ],
            "version": "==0.14.1"
        },
        "wheel": {
            "hashes": [
                "sha256:e721e53864f084f956f40f96124a74da0631ac13fbbd1ba99e8e2b5e9cafdf64",
                "sha256:9515fe0a94e823fd90b08d22de45d7bde57c90edce705b22f5e1ecf7e1b653c8"
            ],
            "markers": "python_version < '3'",
            "version": "==0.30.0"
        }
    },
    "develop": {}
}
